
Microsoft Visual Studio Solution File, Format Version 12.00
# Visual Studio Version 16
VisualStudioVersion = 16.0.31321.278
MinimumVisualStudioVersion = 10.0.40219.1
Project("{FAE04EC0-301F-11D3-BF4B-00C04F79EFBC}") = "TimeSeriesCompression", "TimeSeriesCompression\TimeSeriesCompression.csproj", "{17E86487-81CE-45C0-8233-B2CFEC14F775}"
EndProject
Project("{FAE04EC0-301F-11D3-BF4B-00C04F79EFBC}") = "TimeSeriesCompression.Tests", "TimeSeriesCompression.Tests\TimeSeriesCompression.Tests.csproj", "{18618C1A-F2BF-4B4C-9F22-832FF95D33FB}"
EndProject
Global
	GlobalSection(SolutionConfigurationPlatforms) = preSolution
		Debug|Any CPU = Debug|Any CPU
		Release|Any CPU = Release|Any CPU
	EndGlobalSection
	GlobalSection(ProjectConfigurationPlatforms) = postSolution
		{17E86487-81CE-45C0-8233-B2CFEC14F775}.Debug|Any CPU.ActiveCfg = Debug|Any CPU
		{17E86487-81CE-45C0-8233-B2CFEC14F775}.Debug|Any CPU.Build.0 = Debug|Any CPU
		{17E86487-81CE-45C0-8233-B2CFEC14F775}.Release|Any CPU.ActiveCfg = Release|Any CPU
		{17E86487-81CE-45C0-8233-B2CFEC14F775}.Release|Any CPU.Build.0 = Release|Any CPU
		{18618C1A-F2BF-4B4C-9F22-832FF95D33FB}.Debug|Any CPU.ActiveCfg = Debug|Any CPU
		{18618C1A-F2BF-4B4C-9F22-832FF95D33FB}.Debug|Any CPU.Build.0 = Debug|Any CPU
		{18618C1A-F2BF-4B4C-9F22-832FF95D33FB}.Release|Any CPU.ActiveCfg = Release|Any CPU
		{18618C1A-F2BF-4B4C-9F22-832FF95D33FB}.Release|Any CPU.Build.0 = Release|Any CPU
	EndGlobalSection
	GlobalSection(SolutionProperties) = preSolution
		HideSolutionNode = FALSE
	EndGlobalSection
	GlobalSection(ExtensibilityGlobals) = postSolution
		SolutionGuid = {58D3473B-78A2-40A6-9070-FDA536421ACC}
	EndGlobalSection
EndGlobal
